
Microsoft Visual Studio Solution File, Format Version 12.00
# Visual Studio Version 16
VisualStudioVersion = 16.0.31025.194
MinimumVisualStudioVersion = 10.0.40219.1
Project("{FAE04EC0-301F-11D3-BF4B-00C04F79EFBC}") = "Thirdform", "Thirdform\Thirdform.csproj", "{8216D16E-F877-401B-8515-64FEBD49B7AA}"
EndProject
Global
	GlobalSection(SolutionConfigurationPlatforms) = preSolution
		Debug|Any CPU = Debug|Any CPU
		Release|Any CPU = Release|Any CPU
	EndGlobalSection
	GlobalSection(ProjectConfigurationPlatforms) = postSolution
		{8216D16E-F877-401B-8515-64FEBD49B7AA}.Debug|Any CPU.ActiveCfg = Debug|Any CPU
		{8216D16E-F877-401B-8515-64FEBD49B7AA}.Debug|Any CPU.Build.0 = Debug|Any CPU
		{8216D16E-F877-401B-8515-64FEBD49B7AA}.Release|Any CPU.ActiveCfg = Release|Any CPU
		{8216D16E-F877-401B-8515-64FEBD49B7AA}.Release|Any CPU.Build.0 = Release|Any CPU
	EndGlobalSection
	GlobalSection(SolutionProperties) = preSolution
		HideSolutionNode = FALSE
	EndGlobalSection
	GlobalSection(ExtensibilityGlobals) = postSolution
		SolutionGuid = {82D0304E-5A4B-45C4-B70B-4B8DEF8EB3A4}
	EndGlobalSection
EndGlobal
