
Microsoft Visual Studio Solution File, Format Version 12.00
# Visual Studio Version 16
VisualStudioVersion = 16.0.31025.194
MinimumVisualStudioVersion = 10.0.40219.1
Project("{FAE04EC0-301F-11D3-BF4B-00C04F79EFBC}") = "PointTable", "PointTable\PointTable.csproj", "{0EF7E897-0D3B-432F-8E93-B14743CB48E4}"
EndProject
Global
	GlobalSection(SolutionConfigurationPlatforms) = preSolution
		Debug|Any CPU = Debug|Any CPU
		Release|Any CPU = Release|Any CPU
	EndGlobalSection
	GlobalSection(ProjectConfigurationPlatforms) = postSolution
		{0EF7E897-0D3B-432F-8E93-B14743CB48E4}.Debug|Any CPU.ActiveCfg = Debug|Any CPU
		{0EF7E897-0D3B-432F-8E93-B14743CB48E4}.Debug|Any CPU.Build.0 = Debug|Any CPU
		{0EF7E897-0D3B-432F-8E93-B14743CB48E4}.Release|Any CPU.ActiveCfg = Release|Any CPU
		{0EF7E897-0D3B-432F-8E93-B14743CB48E4}.Release|Any CPU.Build.0 = Release|Any CPU
	EndGlobalSection
	GlobalSection(SolutionProperties) = preSolution
		HideSolutionNode = FALSE
	EndGlobalSection
	GlobalSection(ExtensibilityGlobals) = postSolution
		SolutionGuid = {23A8E11E-78B5-437E-BB79-4B7CFE2C1471}
	EndGlobalSection
EndGlobal
